
Microsoft Visual Studio Solution File, Format Version 12.00
# Visual Studio Version 17
VisualStudioVersion = 17.4.33213.308
MinimumVisualStudioVersion = 10.0.40219.1
Project("{FAE04EC0-301F-11D3-BF4B-00C04F79EFBC}") = "NauticalWrecksFront", "NauticalWrecksFront.csproj", "{B0736E22-6C1E-460B-A073-B10A73F5DDA0}"
	ProjectSection(ProjectDependencies) = postProject
		{6179486A-FE9A-4479-9FB2-419921ADA1DE} = {6179486A-FE9A-4479-9FB2-419921ADA1DE}
	EndProjectSection
EndProject
Project("{9A19103F-16F7-4668-BE54-9A1E7A4F7556}") = "GeoToolsObjects", "..\GeoToolsObjects\GeoToolsObjects.csproj", "{6179486A-FE9A-4479-9FB2-419921ADA1DE}"
EndProject
Project("{FAE04EC0-301F-11D3-BF4B-00C04F79EFBC}") = "DataAccessLayer", "..\DataAccessLayer\DataAccessLayer.csproj", "{BB9876CA-211F-4A85-BAD5-12930F6D73F0}"
EndProject
Global
	GlobalSection(SolutionConfigurationPlatforms) = preSolution
		Debug|Any CPU = Debug|Any CPU
		Release|Any CPU = Release|Any CPU
	EndGlobalSection
	GlobalSection(ProjectConfigurationPlatforms) = postSolution
		{B0736E22-6C1E-460B-A073-B10A73F5DDA0}.Debug|Any CPU.ActiveCfg = Debug|Any CPU
		{B0736E22-6C1E-460B-A073-B10A73F5DDA0}.Debug|Any CPU.Build.0 = Debug|Any CPU
		{B0736E22-6C1E-460B-A073-B10A73F5DDA0}.Release|Any CPU.ActiveCfg = Release|Any CPU
		{B0736E22-6C1E-460B-A073-B10A73F5DDA0}.Release|Any CPU.Build.0 = Release|Any CPU
		{6179486A-FE9A-4479-9FB2-419921ADA1DE}.Debug|Any CPU.ActiveCfg = Debug|Any CPU
		{6179486A-FE9A-4479-9FB2-419921ADA1DE}.Debug|Any CPU.Build.0 = Debug|Any CPU
		{6179486A-FE9A-4479-9FB2-419921ADA1DE}.Release|Any CPU.ActiveCfg = Release|Any CPU
		{6179486A-FE9A-4479-9FB2-419921ADA1DE}.Release|Any CPU.Build.0 = Release|Any CPU
		{BB9876CA-211F-4A85-BAD5-12930F6D73F0}.Debug|Any CPU.ActiveCfg = Debug|Any CPU
		{BB9876CA-211F-4A85-BAD5-12930F6D73F0}.Debug|Any CPU.Build.0 = Debug|Any CPU
		{BB9876CA-211F-4A85-BAD5-12930F6D73F0}.Release|Any CPU.ActiveCfg = Release|Any CPU
		{BB9876CA-211F-4A85-BAD5-12930F6D73F0}.Release|Any CPU.Build.0 = Release|Any CPU
	EndGlobalSection
	GlobalSection(SolutionProperties) = preSolution
		HideSolutionNode = FALSE
	EndGlobalSection
	GlobalSection(ExtensibilityGlobals) = postSolution
		SolutionGuid = {69134728-2563-4EA0-B57D-585919D50ED3}
	EndGlobalSection
EndGlobal
